
Microsoft Visual Studio Solution File, Format Version 12.00
# Visual Studio Version 17
VisualStudioVersion = 17.9.34616.47
MinimumVisualStudioVersion = 10.0.40219.1
Project("{FAE04EC0-301F-11D3-BF4B-00C04F79EFBC}") = "DemoBlazorServer", "DemoBlazorServer\DemoBlazorServer.csproj", "{3AA7C8D1-8F81-4206-993E-701A4406154C}"
EndProject
Global
	GlobalSection(SolutionConfigurationPlatforms) = preSolution
		Debug|Any CPU = Debug|Any CPU
		Release|Any CPU = Release|Any CPU
	EndGlobalSection
	GlobalSection(ProjectConfigurationPlatforms) = postSolution
		{3AA7C8D1-8F81-4206-993E-701A4406154C}.Debug|Any CPU.ActiveCfg = Debug|Any CPU
		{3AA7C8D1-8F81-4206-993E-701A4406154C}.Debug|Any CPU.Build.0 = Debug|Any CPU
		{3AA7C8D1-8F81-4206-993E-701A4406154C}.Release|Any CPU.ActiveCfg = Release|Any CPU
		{3AA7C8D1-8F81-4206-993E-701A4406154C}.Release|Any CPU.Build.0 = Release|Any CPU
	EndGlobalSection
	GlobalSection(SolutionProperties) = preSolution
		HideSolutionNode = FALSE
	EndGlobalSection
	GlobalSection(ExtensibilityGlobals) = postSolution
		SolutionGuid = {FC93462D-96C5-44C2-B187-E023B31014D1}
	EndGlobalSection
EndGlobal
